
Microsoft Visual Studio Solution File, Format Version 12.00
# Visual Studio Version 17
VisualStudioVersion = 17.9.34902.65
MinimumVisualStudioVersion = 10.0.40219.1
Project("{FAE04EC0-301F-11D3-BF4B-00C04F79EFBC}") = "DeviceApp", "DeviceApp\DeviceApp.csproj", "{0B9B3281-69E6-423E-B155-787CF198F603}"
EndProject
Global
	GlobalSection(SolutionConfigurationPlatforms) = preSolution
		Debug|Any CPU = Debug|Any CPU
		Release|Any CPU = Release|Any CPU
	EndGlobalSection
	GlobalSection(ProjectConfigurationPlatforms) = postSolution
		{0B9B3281-69E6-423E-B155-787CF198F603}.Debug|Any CPU.ActiveCfg = Debug|Any CPU
		{0B9B3281-69E6-423E-B155-787CF198F603}.Debug|Any CPU.Build.0 = Debug|Any CPU
		{0B9B3281-69E6-423E-B155-787CF198F603}.Release|Any CPU.ActiveCfg = Release|Any CPU
		{0B9B3281-69E6-423E-B155-787CF198F603}.Release|Any CPU.Build.0 = Release|Any CPU
	EndGlobalSection
	GlobalSection(SolutionProperties) = preSolution
		HideSolutionNode = FALSE
	EndGlobalSection
	GlobalSection(ExtensibilityGlobals) = postSolution
		SolutionGuid = {1D699DEC-8C8D-4575-AA16-DB991A1AB9CD}
	EndGlobalSection
EndGlobal
